// !$*UTF8*$!
{
	archiveVersion = 1;
	classes = {
	};
	objectVersion = 50;
	objects = {

/* Begin PBXBuildFile section */
		D892463E2498A09E001E9999 /* AppDelegate.swift in Sources */ = {isa = PBXBuildFile; fileRef = D892463D2498A09E001E9999 /* AppDelegate.swift */; };
		D89246432498A09E001E9999 /* Main.storyboard in Resources */ = {isa = PBXBuildFile; fileRef = D89246412498A09E001E9999 /* Main.storyboard */; };
		D89246452498A0A1001E9999 /* Assets.xcassets in Resources */ = {isa = PBXBuildFile; fileRef = D89246442498A0A1001E9999 /* Assets.xcassets */; };
		D89246482498A0A1001E9999 /* LaunchScreen.storyboard in Resources */ = {isa = PBXBuildFile; fileRef = D89246462498A0A1001E9999 /* LaunchScreen.storyboard */; };
		D89246502498A1D0001E9999 /* YouTubeHomeController.swift in Sources */ = {isa = PBXBuildFile; fileRef = D892464F2498A1D0001E9999 /* YouTubeHomeController.swift */; };
/* End PBXBuildFile section */

/* Begin PBXFileReference section */
		D892463A2498A09E001E9999 /* YouTubetry.app */ = {isa = PBXFileReference; explicitFileType = wrapper.application; includeInIndex = 0; path = YouTubetry.app; sourceTree = BUILT_PRODUCTS_DIR; };
		D892463D2498A09E001E9999 /* AppDelegate.swift */ = {isa = PBXFileReference; lastKnownFileType = sourcecode.swift; path = AppDelegate.swift; sourceTree = "<group>"; };
		D89246422498A09E001E9999 /* Base */ = {isa = PBXFileReference; lastKnownFileType = file.storyboard; name = Base; path = Base.lproj/Main.storyboard; sourceTree = "<group>"; };
		D89246442498A0A1001E9999 /* Assets.xcassets */ = {isa = PBXFileReference; lastKnownFileType = folder.assetcatalog; path = Assets.xcassets; sourceTree = "<group>"; };
		D89246472498A0A1001E9999 /* Base */ = {isa = PBXFileReference; lastKnownFileType = file.storyboard; name = Base; path = Base.lproj/LaunchScreen.storyboard; sourceTree = "<group>"; };
		D89246492498A0A1001E9999 /* Info.plist */ = {isa = PBXFileReference; lastKnownFileType = text.plist.xml; path = Info.plist; sourceTree = "<group>"; };
		D892464F2498A1D0001E9999 /* YouTubeHomeController.swift */ = {isa = PBXFileReference; lastKnownFileType = sourcecode.swift; path = YouTubeHomeController.swift; sourceTree = "<group>"; };
/* End PBXFileReference section */

/* Begin PBXFrameworksBuildPhase section */
		D89246372498A09E001E9999 /* Frameworks */ = {
			isa = PBXFrameworksBuildPhase;
			buildActionMask = 2147483647;
			files = (
			);
			runOnlyForDeploymentPostprocessing = 0;
		};
/* End PBXFrameworksBuildPhase section */

/* Begin PBXGroup section */
		D89246312498A09E001E9999 = {
			isa = PBXGroup;
			children = (
				D892463C2498A09E001E9999 /* YouTubetry */,
				D892463B2498A09E001E9999 /* Products */,
			);
			sourceTree = "<group>";
		};
		D892463B2498A09E001E9999 /* Products */ = {
			isa = PBXGroup;
			children = (
				D892463A2498A09E001E9999 /* YouTubetry.app */,
			);
			name = Products;
			sourceTree = "<group>";
		};
		D892463C2498A09E001E9999 /* YouTubetry */ = {
			isa = PBXGroup;
			children = (
				D892463D2498A09E001E9999 /* AppDelegate.swift */,
				D892464F2498A1D0001E9999 /* YouTubeHomeController.swift */,
				D89246412498A09E001E9999 /* Main.storyboard */,
				D89246442498A0A1001E9999 /* Assets.xcassets */,
				D89246462498A0A1001E9999 /* LaunchScreen.storyboard */,
				D89246492498A0A1001E9999 /* Info.plist */,
			);
			path = YouTubetry;
			sourceTree = "<group>";
		};
/* End PBXGroup section */

/* Begin PBXNativeTarget section */
		D89246392498A09E001E9999 /* YouTubetry */ = {
			isa = PBXNativeTarget;
			buildConfigurationList = D892464C2498A0A1001E9999 /* Build configuration list for PBXNativeTarget "YouTubetry" */;
			buildPhases = (
				D89246362498A09E001E9999 /* Sources */,
				D89246372498A09E001E9999 /* Frameworks */,
				D89246382498A09E001E9999 /* Resources */,
			);
			buildRules = (
			);
			dependencies = (
			);
			name = YouTubetry;
			productName = YouTubetry;
			productReference = D892463A2498A09E001E9999 /* YouTubetry.app */;
			productType = "com.apple.product-type.application";
		};
/* End PBXNativeTarget section */

/* Begin PBXProject section */
		D89246322498A09E001E9999 /* Project object */ = {
			isa = PBXProject;
			attributes = {
				LastSwiftUpdateCheck = 1030;
				LastUpgradeCheck = 1030;
				ORGANIZATIONNAME = jess;
				TargetAttributes = {
					D89246392498A09E001E9999 = {
						CreatedOnToolsVersion = 10.3;
					};
				};
			};
			buildConfigurationList = D89246352498A09E001E9999 /* Build configuration list for PBXProject "YouTubetry" */;
			compatibilityVersion = "Xcode 9.3";
			developmentRegion = en;
			hasScannedForEncodings = 0;
			knownRegions = (
				en,
				Base,
			);
			mainGroup = D89246312498A09E001E9999;
			productRefGroup = D892463B2498A09E001E9999 /* Products */;
			projectDirPath = "";
			projectRoot = "";
			targets = (
				D89246392498A09E001E9999 /* YouTubetry */,
			);
		};
/* End PBXProject section */

/* Begin PBXResourcesBuildPhase section */
		D89246382498A09E001E9999 /* Resources */ = {
			isa = PBXResourcesBuildPhase;
			buildActionMask = 2147483647;
			files = (
				D89246482498A0A1001E9999 /* LaunchScreen.storyboard in Resources */,
				D89246452498A0A1001E9999 /* Assets.xcassets in Resources */,
				D89246432498A09E001E9999 /* Main.storyboard in Resources */,
			);
			runOnlyForDeploymentPostprocessing = 0;
		};
/* End PBXResourcesBuildPhase section */

/* Begin PBXSourcesBuildPhase section */
		D89246362498A09E001E9999 /* Sources */ = {
			isa = PBXSourcesBuildPhase;
			buildActionMask = 2147483647;
			files = (
				D89246502498A1D0001E9999 /* YouTubeHomeController.swift in Sources */,
				D892463E2498A09E001E9999 /* AppDelegate.swift in Sources */,
			);
			runOnlyForDeploymentPostprocessing = 0;
		};
/* End PBXSourcesBuildPhase section */

/* Begin PBXVariantGroup section */
		D89246412498A09E001E9999 /* Main.storyboard */ = {
			isa = PBXVariantGroup;
			children = (
				D89246422498A09E001E9999 /* Base */,
			);
			name = Main.storyboard;
			sourceTree = "<group>";
		};
		D89246462498A0A1001E9999 /* LaunchScreen.storyboard */ = {
			isa = PBXVariantGroup;
			children = (
				D89246472498A0A1001E9999 /* Base */,
			);
			name = LaunchScreen.storyboard;
			sourceTree = "<group>";
		};
/* End PBXVariantGroup section */

/* Begin XCBuildConfiguration section */
		D892464A2498A0A1001E9999 /* Debug */ = {
			isa = XCBuildConfiguration;
			buildSettings = {
				ALWAYS_SEARCH_USER_PATHS = NO;
				CLANG_ANALYZER_NONNULL = YES;
				CLANG_ANALYZER_NUMBER_OBJECT_CONVERSION = YES_AGGRESSIVE;
				CLANG_CXX_LANGUAGE_STANDARD = "gnu++14";
				CLANG_CXX_LIBRARY = "libc++";
				CLANG_ENABLE_MODULES = YES;
				CLANG_ENABLE_OBJC_ARC = YES;
				CLANG_ENABLE_OBJC_WEAK = YES;
				CLANG_WARN_BLOCK_CAPTURE_AUTORELEASING = YES;
				CLANG_WARN_BOOL_CONVERSION = YES;
				CLANG_WARN_COMMA = YES;
				CLANG_WARN_CONSTANT_CONVERSION = YES;
				CLANG_WARN_DEPRECATED_OBJC_IMPLEMENTATIONS = YES;
				CLANG_WARN_DIRECT_OBJC_ISA_USAGE = YES_ERROR;
				CLANG_WARN_DOCUMENTATION_COMMENTS = YES;
				CLANG_WARN_EMPTY_BODY = YES;
				CLANG_WARN_ENUM_CONVERSION = YES;
				CLANG_WARN_INFINITE_RECURSION = YES;
				CLANG_WARN_INT_CONVERSION = YES;
				CLANG_WARN_NON_LITERAL_NULL_CONVERSION = YES;
				CLANG_WARN_OBJC_IMPLICIT_RETAIN_SELF = YES;
				CLANG_WARN_OBJC_LITERAL_CONVERSION = YES;
				CLANG_WARN_OBJC_ROOT_CLASS = YES_ERROR;
				CLANG_WARN_RANGE_LOOP_ANALYSIS = YES;
				CLANG_WARN_STRICT_PROTOTYPES = YES;
				CLANG_WARN_SUSPICIOUS_MOVE = YES;
				CLANG_WARN_UNGUARDED_AVAILABILITY = YES_AGGRESSIVE;
				CLANG_WARN_UNREACHABLE_CODE = YES;
				CLANG_WARN__DUPLICATE_METHOD_MATCH = YES;
				CODE_SIGN_IDENTITY = "iPhone Developer";
				COPY_PHASE_STRIP = NO;
				DEBUG_INFORMATION_FORMAT = dwarf;
				ENABLE_STRICT_OBJC_MSGSEND = YES;
				ENABLE_TESTABILITY = YES;
				GCC_C_LANGUAGE_STANDARD = gnu11;
				GCC_DYNAMIC_NO_PIC = NO;
				GCC_NO_COMMON_BLOCKS = YES;
				GCC_OPTIMIZATION_LEVEL = 0;
				GCC_PREPROCESSOR_DEFINITIONS = (
					"DEBUG=1",
					"$(inherited)",
				);
				GCC_WARN_64_TO_32_BIT_CONVERSION = YES;
				GCC_WARN_ABOUT_RETURN_TYPE = YES_ERROR;
				GCC_WARN_UNDECLARED_SELECTOR = YES;
				GCC_WARN_UNINITIALIZED_AUTOS = YES_AGGRESSIVE;
				GCC_WARN_UNUSED_FUNCTION = YES;
				GCC_WARN_UNUSED_VARIABLE = YES;
				IPHONEOS_DEPLOYMENT_TARGET = 12.4;
				MTL_ENABLE_DEBUG_INFO = INCLUDE_SOURCE;
				MTL_FAST_MATH = YES;
				ONLY_ACTIVE_ARCH = YES;
				SDKROOT = iphoneos;
				SWIFT_ACTIVE_COMPILATION_CONDITIONS = DEBUG;
				SWIFT_OPTIMIZATION_LEVEL = "-Onone";
			};
			name = Debug;
		};
		D892464B2498A0A1001E9999 /* Release */ = {
			isa = XCBuildConfiguration;
			buildSettings = {
				ALWAYS_SEARCH_USER_PATHS = NO;
				CLANG_ANALYZER_NONNULL = YES;
				CLANG_ANALYZER_NUMBER_OBJECT_CONVERSION = YES_AGGRESSIVE;
				CLANG_CXX_LANGUAGE_STANDARD = "gnu++14";
				CLANG_CXX_LIBRARY = "libc++";
				CLANG_ENABLE_MODULES = YES;
				CLANG_ENABLE_OBJC_ARC = YES;
				CLANG_ENABLE_OBJC_WEAK = YES;
				CLANG_WARN_BLOCK_CAPTURE_AUTORELEASING = YES;
				CLANG_WARN_BOOL_CONVERSION = YES;
				CLANG_WARN_COMMA = YES;
				CLANG_WARN_CONSTANT_CONVERSION = YES;
				CLANG_WARN_DEPRECATED_OBJC_IMPLEMENTATIONS = YES;
				CLANG_WARN_DIRECT_OBJC_ISA_USAGE = YES_ERROR;
				CLANG_WARN_DOCUMENTATION_COMMENTS = YES;
				CLANG_WARN_EMPTY_BODY = YES;
				CLANG_WARN_ENUM_CONVERSION = YES;
				CLANG_WARN_INFINITE_RECURSION = YES;
				CLANG_WARN_INT_CONVERSION = YES;
				CLANG_WARN_NON_LITERAL_NULL_CONVERSION = YES;
				CLANG_WARN_OBJC_IMPLICIT_RETAIN_SELF = YES;
				CLANG_WARN_OBJC_LITERAL_CONVERSION = YES;
				CLANG_WARN_OBJC_ROOT_CLASS = YES_ERROR;
				CLANG_WARN_RANGE_LOOP_ANALYSIS = YES;
				CLANG_WARN_STRICT_PROTOTYPES = YES;
				CLANG_WARN_SUSPICIOUS_MOVE = YES;
				CLANG_WARN_UNGUARDED_AVAILABILITY = YES_AGGRESSIVE;
				CLANG_WARN_UNREACHABLE_CODE = YES;
				CLANG_WARN__DUPLICATE_METHOD_MATCH = YES;
				CODE_SIGN_IDENTITY = "iPhone Developer";
				COPY_PHASE_STRIP = NO;
				DEBUG_INFORMATION_FORMAT = "dwarf-with-dsym";
				ENABLE_NS_ASSERTIONS = NO;
				ENABLE_STRICT_OBJC_MSGSEND = YES;
				GCC_C_LANGUAGE_STANDARD = gnu11;
				GCC_NO_COMMON_BLOCKS = YES;
				GCC_WARN_64_TO_32_BIT_CONVERSION = YES;
				GCC_WARN_ABOUT_RETURN_TYPE = YES_ERROR;
				GCC_WARN_UNDECLARED_SELECTOR = YES;
				GCC_WARN_UNINITIALIZED_AUTOS = YES_AGGRESSIVE;
				GCC_WARN_UNUSED_FUNCTION = YES;
				GCC_WARN_UNUSED_VARIABLE = YES;
				IPHONEOS_DEPLOYMENT_TARGET = 12.4;
				MTL_ENABLE_DEBUG_INFO = NO;
				MTL_FAST_MATH = YES;
				SDKROOT = iphoneos;
				SWIFT_COMPILATION_MODE = wholemodule;
				SWIFT_OPTIMIZATION_LEVEL = "-O";
				VALIDATE_PRODUCT = YES;
			};
			name = Release;
		};
		D892464D2498A0A1001E9999 /* Debug */ = {
			isa = XCBuildConfiguration;
			buildSettings = {
				ASSETCATALOG_COMPILER_APPICON_NAME = AppIcon;
				CODE_SIGN_STYLE = Automatic;
				DEVELOPMENT_TEAM = 3J8MK24JZR;
				INFOPLIST_FILE = YouTubetry/Info.plist;
				LD_RUNPATH_SEARCH_PATHS = (
					"$(inherited)",
					"@executable_path/Frameworks",
				);
				PRODUCT_BUNDLE_IDENTIFIER = Swifty.YouTubetry;
				PRODUCT_NAME = "$(TARGET_NAME)";
				SWIFT_VERSION = 5.0;
				TARGETED_DEVICE_FAMILY = "1,2";
			};
			name = Debug;
		};
		D892464E2498A0A1001E9999 /* Release */ = {
			isa = XCBuildConfiguration;
			buildSettings = {
				ASSETCATALOG_COMPILER_APPICON_NAME = AppIcon;
				CODE_SIGN_STYLE = Automatic;
				DEVELOPMENT_TEAM = 3J8MK24JZR;
				INFOPLIST_FILE = YouTubetry/Info.plist;
				LD_RUNPATH_SEARCH_PATHS = (
					"$(inherited)",
					"@executable_path/Frameworks",
				);
				PRODUCT_BUNDLE_IDENTIFIER = Swifty.YouTubetry;
				PRODUCT_NAME = "$(TARGET_NAME)";
				SWIFT_VERSION = 5.0;
				TARGETED_DEVICE_FAMILY = "1,2";
			};
			name = Release;
		};
/* End XCBuildConfiguration section */

/* Begin XCConfigurationList section */
		D89246352498A09E001E9999 /* Build configuration list for PBXProject "YouTubetry" */ = {
			isa = XCConfigurationList;
			buildConfigurations = (
				D892464A2498A0A1001E9999 /* Debug */,
				D892464B2498A0A1001E9999 /* Release */,
			);
			defaultConfigurationIsVisible = 0;
			defaultConfigurationName = Release;
		};
		D892464C2498A0A1001E9999 /* Build configuration list for PBXNativeTarget "YouTubetry" */ = {
			isa = XCConfigurationList;
			buildConfigurations = (
				D892464D2498A0A1001E9999 /* Debug */,
				D892464E2498A0A1001E9999 /* Release */,
			);
			defaultConfigurationIsVisible = 0;
			defaultConfigurationName = Release;
		};
/* End XCConfigurationList section */
	};
	rootObject = D89246322498A09E001E9999 /* Project object */;
}
